{
  "nodes": {
    "nixpkgs": {
      "locked": {
        "lastModified": 1657972522,
        "narHash": "sha256-JTiKsBT1BwMbtSUsvtSl8ffkiirby8FaujJVGV766Q8=",
        "owner": "NixOS",
        "repo": "nixpkgs",
        "rev": "07a2e6a4e31ea48408861607198972d60adaf4ad",
        "type": "github"
      },
      "original": {
        "id": "nixpkgs",
        "ref": "nixos-22.05",
        "type": "indirect"
      }
    },
    "postgrest": {
      "flake": false,
      "locked": {
        "lastModified": 1658101453,
        "narHash": "sha256-lrzWK3KF25s9k4Jkx3+60bRLs2Uo7hJTV5kp8mdV1dk=",
        "owner": "PostgREST",
        "repo": "postgrest",
        "rev": "d2df2896961279972b704befb4753dd10675a94f",
        "type": "github"
      },
      "original": {
        "owner": "PostgREST",
        "repo": "postgrest",
        "type": "github"
      }
    },
    "root": {
      "inputs": {
        "nixpkgs": "nixpkgs",
        "postgrest": "postgrest"
      }
    }
  },
  "root": "root",
  "version": 7
}
